# Generated by pub
# See https://dart.dev/tools/pub/glossary#lockfile
packages:
  flutter:
    dependency: "direct main"
    description:
      path: "packages/flutter"
      relative: true
    source: path
    version: "0.0.0"
  http:
    dependency: "direct main"
    description:
      path: "packages/http"
      relative: true
    source: path
    version: "0.0.0"
sdks:
  dart: ">=3.9.2 <4.0.0"
